
Microsoft Visual Studio Solution File, Format Version 12.00
# Visual Studio Version 16
VisualStudioVersion = 16.0.28803.352
MinimumVisualStudioVersion = 10.0.40219.1
Project("{FAE04EC0-301F-11D3-BF4B-00C04F79EFBC}") = "TreinandoAlgaritmosVs2", "TreinandoAlgaritmosVs2\TreinandoAlgaritmosVs2.csproj", "{F390B251-4930-4034-AE3A-C4A5DDA19348}"
EndProject
Project("{FAE04EC0-301F-11D3-BF4B-00C04F79EFBC}") = "MostrarContaBancaria", "MostrarContaBancaria\MostrarContaBancaria.csproj", "{8A7CE048-A115-459C-B72F-04B2A09C63E8}"
EndProject
Project("{FAE04EC0-301F-11D3-BF4B-00C04F79EFBC}") = "Vetores", "Vetores\Vetores.csproj", "{38C78CAF-4D2F-43D8-89E6-6EABCD6D2391}"
EndProject
Project("{FAE04EC0-301F-11D3-BF4B-00C04F79EFBC}") = "Vetores2", "Vetores2\Vetores2.csproj", "{54D3BBD2-0C3C-43E3-AB62-36D765A48696}"
EndProject
Project("{FAE04EC0-301F-11D3-BF4B-00C04F79EFBC}") = "ExerciciosVetores", "ExerciciosVetores\ExerciciosVetores.csproj", "{A6BF2676-153B-4514-886A-479DD24AF3A4}"
EndProject
Project("{FAE04EC0-301F-11D3-BF4B-00C04F79EFBC}") = "ExerciosListas", "ExerciosListas\ExerciosListas.csproj", "{C9EE6E29-CF0C-47F5-9B3B-FA0015BF9D1C}"
EndProject
Project("{FAE04EC0-301F-11D3-BF4B-00C04F79EFBC}") = "ExercicoMatriz", "ExercicoMatriz\ExercicoMatriz.csproj", "{231B3733-A0FE-4262-BFDB-D3955376AD27}"
EndProject
Project("{FAE04EC0-301F-11D3-BF4B-00C04F79EFBC}") = "ExercicioMatriz2", "ExercicioMatriz2\ExercicioMatriz2.csproj", "{7B18EFCF-2859-44AE-AC7A-08954AC9100B}"
EndProject
Project("{FAE04EC0-301F-11D3-BF4B-00C04F79EFBC}") = "Conjuntos", "Conjuntos\Conjuntos.csproj", "{6008DEB5-8A72-412C-AF9B-1C0C04D4F250}"
EndProject
Global
	GlobalSection(SolutionConfigurationPlatforms) = preSolution
		Debug|Any CPU = Debug|Any CPU
		Release|Any CPU = Release|Any CPU
	EndGlobalSection
	GlobalSection(ProjectConfigurationPlatforms) = postSolution
		{F390B251-4930-4034-AE3A-C4A5DDA19348}.Debug|Any CPU.ActiveCfg = Debug|Any CPU
		{F390B251-4930-4034-AE3A-C4A5DDA19348}.Debug|Any CPU.Build.0 = Debug|Any CPU
		{F390B251-4930-4034-AE3A-C4A5DDA19348}.Release|Any CPU.ActiveCfg = Release|Any CPU
		{F390B251-4930-4034-AE3A-C4A5DDA19348}.Release|Any CPU.Build.0 = Release|Any CPU
		{8A7CE048-A115-459C-B72F-04B2A09C63E8}.Debug|Any CPU.ActiveCfg = Debug|Any CPU
		{8A7CE048-A115-459C-B72F-04B2A09C63E8}.Debug|Any CPU.Build.0 = Debug|Any CPU
		{8A7CE048-A115-459C-B72F-04B2A09C63E8}.Release|Any CPU.ActiveCfg = Release|Any CPU
		{8A7CE048-A115-459C-B72F-04B2A09C63E8}.Release|Any CPU.Build.0 = Release|Any CPU
		{38C78CAF-4D2F-43D8-89E6-6EABCD6D2391}.Debug|Any CPU.ActiveCfg = Debug|Any CPU
		{38C78CAF-4D2F-43D8-89E6-6EABCD6D2391}.Debug|Any CPU.Build.0 = Debug|Any CPU
		{38C78CAF-4D2F-43D8-89E6-6EABCD6D2391}.Release|Any CPU.ActiveCfg = Release|Any CPU
		{38C78CAF-4D2F-43D8-89E6-6EABCD6D2391}.Release|Any CPU.Build.0 = Release|Any CPU
		{54D3BBD2-0C3C-43E3-AB62-36D765A48696}.Debug|Any CPU.ActiveCfg = Debug|Any CPU
		{54D3BBD2-0C3C-43E3-AB62-36D765A48696}.Debug|Any CPU.Build.0 = Debug|Any CPU
		{54D3BBD2-0C3C-43E3-AB62-36D765A48696}.Release|Any CPU.ActiveCfg = Release|Any CPU
		{54D3BBD2-0C3C-43E3-AB62-36D765A48696}.Release|Any CPU.Build.0 = Release|Any CPU
		{A6BF2676-153B-4514-886A-479DD24AF3A4}.Debug|Any CPU.ActiveCfg = Debug|Any CPU
		{A6BF2676-153B-4514-886A-479DD24AF3A4}.Debug|Any CPU.Build.0 = Debug|Any CPU
		{A6BF2676-153B-4514-886A-479DD24AF3A4}.Release|Any CPU.ActiveCfg = Release|Any CPU
		{A6BF2676-153B-4514-886A-479DD24AF3A4}.Release|Any CPU.Build.0 = Release|Any CPU
		{C9EE6E29-CF0C-47F5-9B3B-FA0015BF9D1C}.Debug|Any CPU.ActiveCfg = Debug|Any CPU
		{C9EE6E29-CF0C-47F5-9B3B-FA0015BF9D1C}.Debug|Any CPU.Build.0 = Debug|Any CPU
		{C9EE6E29-CF0C-47F5-9B3B-FA0015BF9D1C}.Release|Any CPU.ActiveCfg = Release|Any CPU
		{C9EE6E29-CF0C-47F5-9B3B-FA0015BF9D1C}.Release|Any CPU.Build.0 = Release|Any CPU
		{231B3733-A0FE-4262-BFDB-D3955376AD27}.Debug|Any CPU.ActiveCfg = Debug|Any CPU
		{231B3733-A0FE-4262-BFDB-D3955376AD27}.Debug|Any CPU.Build.0 = Debug|Any CPU
		{231B3733-A0FE-4262-BFDB-D3955376AD27}.Release|Any CPU.ActiveCfg = Release|Any CPU
		{231B3733-A0FE-4262-BFDB-D3955376AD27}.Release|Any CPU.Build.0 = Release|Any CPU
		{7B18EFCF-2859-44AE-AC7A-08954AC9100B}.Debug|Any CPU.ActiveCfg = Debug|Any CPU
		{7B18EFCF-2859-44AE-AC7A-08954AC9100B}.Debug|Any CPU.Build.0 = Debug|Any CPU
		{7B18EFCF-2859-44AE-AC7A-08954AC9100B}.Release|Any CPU.ActiveCfg = Release|Any CPU
		{7B18EFCF-2859-44AE-AC7A-08954AC9100B}.Release|Any CPU.Build.0 = Release|Any CPU
		{6008DEB5-8A72-412C-AF9B-1C0C04D4F250}.Debug|Any CPU.ActiveCfg = Debug|Any CPU
		{6008DEB5-8A72-412C-AF9B-1C0C04D4F250}.Debug|Any CPU.Build.0 = Debug|Any CPU
		{6008DEB5-8A72-412C-AF9B-1C0C04D4F250}.Release|Any CPU.ActiveCfg = Release|Any CPU
		{6008DEB5-8A72-412C-AF9B-1C0C04D4F250}.Release|Any CPU.Build.0 = Release|Any CPU
	EndGlobalSection
	GlobalSection(SolutionProperties) = preSolution
		HideSolutionNode = FALSE
	EndGlobalSection
	GlobalSection(ExtensibilityGlobals) = postSolution
		SolutionGuid = {5B9F88C7-0838-4BBF-9F4D-AB94EF5190AD}
	EndGlobalSection
EndGlobal
